
Microsoft Visual Studio Solution File, Format Version 12.00
# Visual Studio 15
VisualStudioVersion = 15.0.27428.2011
MinimumVisualStudioVersion = 10.0.40219.1
Project("{FAE04EC0-301F-11D3-BF4B-00C04F79EFBC}") = "FileTail", "FileTail\FileTail.csproj", "{F24F5033-2918-43AD-8B46-67E2D5F04AEB}"
EndProject
Project("{FAE04EC0-301F-11D3-BF4B-00C04F79EFBC}") = "FileTailTest", "FileTailTest\FileTailTest.csproj", "{EB85DEDC-C504-4EA5-BBCD-B310443A4C56}"
EndProject
Project("{FAE04EC0-301F-11D3-BF4B-00C04F79EFBC}") = "FileTail2", "FileTail2\FileTail2.csproj", "{707A1635-D9FD-4419-A083-2954AF0F312E}"
EndProject
Global
	GlobalSection(SolutionConfigurationPlatforms) = preSolution
		Debug|Any CPU = Debug|Any CPU
		Release|Any CPU = Release|Any CPU
	EndGlobalSection
	GlobalSection(ProjectConfigurationPlatforms) = postSolution
		{F24F5033-2918-43AD-8B46-67E2D5F04AEB}.Debug|Any CPU.ActiveCfg = Debug|Any CPU
		{F24F5033-2918-43AD-8B46-67E2D5F04AEB}.Debug|Any CPU.Build.0 = Debug|Any CPU
		{F24F5033-2918-43AD-8B46-67E2D5F04AEB}.Release|Any CPU.ActiveCfg = Release|Any CPU
		{F24F5033-2918-43AD-8B46-67E2D5F04AEB}.Release|Any CPU.Build.0 = Release|Any CPU
		{EB85DEDC-C504-4EA5-BBCD-B310443A4C56}.Debug|Any CPU.ActiveCfg = Debug|Any CPU
		{EB85DEDC-C504-4EA5-BBCD-B310443A4C56}.Debug|Any CPU.Build.0 = Debug|Any CPU
		{EB85DEDC-C504-4EA5-BBCD-B310443A4C56}.Release|Any CPU.ActiveCfg = Release|Any CPU
		{EB85DEDC-C504-4EA5-BBCD-B310443A4C56}.Release|Any CPU.Build.0 = Release|Any CPU
		{707A1635-D9FD-4419-A083-2954AF0F312E}.Debug|Any CPU.ActiveCfg = Debug|Any CPU
		{707A1635-D9FD-4419-A083-2954AF0F312E}.Debug|Any CPU.Build.0 = Debug|Any CPU
		{707A1635-D9FD-4419-A083-2954AF0F312E}.Release|Any CPU.ActiveCfg = Release|Any CPU
		{707A1635-D9FD-4419-A083-2954AF0F312E}.Release|Any CPU.Build.0 = Release|Any CPU
	EndGlobalSection
	GlobalSection(SolutionProperties) = preSolution
		HideSolutionNode = FALSE
	EndGlobalSection
	GlobalSection(ExtensibilityGlobals) = postSolution
		SolutionGuid = {F85E871E-8491-4DC9-8ACC-0DD3528E71E7}
	EndGlobalSection
EndGlobal
